
Microsoft Visual Studio Solution File, Format Version 12.00
# Visual Studio 15
VisualStudioVersion = 15.0.28010.2019
MinimumVisualStudioVersion = 10.0.40219.1
Project("{9A19103F-16F7-4668-BE54-9A1E7A4F7556}") = "P01_StudentSystem", "P01_StudentSystem\P01_StudentSystem.csproj", "{675FA1E7-D918-4016-A66D-4A8805F62DCA}"
EndProject
Project("{9A19103F-16F7-4668-BE54-9A1E7A4F7556}") = "P01_StudentSystem.Data", "P01_StudentSystem.Data\P01_StudentSystem.Data.csproj", "{023B5CB8-3B10-49D2-B575-9400437A371B}"
EndProject
Project("{9A19103F-16F7-4668-BE54-9A1E7A4F7556}") = "P01_StudentSystem.Data.Models", "P01_StudentSystem.Data.Models\P01_StudentSystem.Data.Models.csproj", "{1A51E976-E3BD-4760-980E-6E4DC677A40A}"
EndProject
Project("{FAE04EC0-301F-11D3-BF4B-00C04F79EFBC}") = "P03_FootballBetting", "P03_FootballBetting\P03_FootballBetting.csproj", "{4FC182E3-6794-4CE4-B232-8C5977AFB1AE}"
EndProject
Project("{FAE04EC0-301F-11D3-BF4B-00C04F79EFBC}") = "P03_FootballBetting.Data", "P03_FootballBetting.Data\P03_FootballBetting.Data.csproj", "{3A40ED1A-EC35-470B-A868-A411DB5F9000}"
EndProject
Project("{FAE04EC0-301F-11D3-BF4B-00C04F79EFBC}") = "P03_FootballBetting.Data.Models", "P03_FootballBetting.Data.Models\P03_FootballBetting.Data.Models.csproj", "{52DED9B7-6E03-4B68-8528-77C94468E0ED}"
EndProject
Global
	GlobalSection(SolutionConfigurationPlatforms) = preSolution
		Debug|Any CPU = Debug|Any CPU
		Release|Any CPU = Release|Any CPU
	EndGlobalSection
	GlobalSection(ProjectConfigurationPlatforms) = postSolution
		{675FA1E7-D918-4016-A66D-4A8805F62DCA}.Debug|Any CPU.ActiveCfg = Debug|Any CPU
		{675FA1E7-D918-4016-A66D-4A8805F62DCA}.Debug|Any CPU.Build.0 = Debug|Any CPU
		{675FA1E7-D918-4016-A66D-4A8805F62DCA}.Release|Any CPU.ActiveCfg = Release|Any CPU
		{675FA1E7-D918-4016-A66D-4A8805F62DCA}.Release|Any CPU.Build.0 = Release|Any CPU
		{023B5CB8-3B10-49D2-B575-9400437A371B}.Debug|Any CPU.ActiveCfg = Debug|Any CPU
		{023B5CB8-3B10-49D2-B575-9400437A371B}.Debug|Any CPU.Build.0 = Debug|Any CPU
		{023B5CB8-3B10-49D2-B575-9400437A371B}.Release|Any CPU.ActiveCfg = Release|Any CPU
		{023B5CB8-3B10-49D2-B575-9400437A371B}.Release|Any CPU.Build.0 = Release|Any CPU
		{1A51E976-E3BD-4760-980E-6E4DC677A40A}.Debug|Any CPU.ActiveCfg = Debug|Any CPU
		{1A51E976-E3BD-4760-980E-6E4DC677A40A}.Debug|Any CPU.Build.0 = Debug|Any CPU
		{1A51E976-E3BD-4760-980E-6E4DC677A40A}.Release|Any CPU.ActiveCfg = Release|Any CPU
		{1A51E976-E3BD-4760-980E-6E4DC677A40A}.Release|Any CPU.Build.0 = Release|Any CPU
		{4FC182E3-6794-4CE4-B232-8C5977AFB1AE}.Debug|Any CPU.ActiveCfg = Debug|Any CPU
		{4FC182E3-6794-4CE4-B232-8C5977AFB1AE}.Debug|Any CPU.Build.0 = Debug|Any CPU
		{4FC182E3-6794-4CE4-B232-8C5977AFB1AE}.Release|Any CPU.ActiveCfg = Release|Any CPU
		{4FC182E3-6794-4CE4-B232-8C5977AFB1AE}.Release|Any CPU.Build.0 = Release|Any CPU
		{3A40ED1A-EC35-470B-A868-A411DB5F9000}.Debug|Any CPU.ActiveCfg = Debug|Any CPU
		{3A40ED1A-EC35-470B-A868-A411DB5F9000}.Debug|Any CPU.Build.0 = Debug|Any CPU
		{3A40ED1A-EC35-470B-A868-A411DB5F9000}.Release|Any CPU.ActiveCfg = Release|Any CPU
		{3A40ED1A-EC35-470B-A868-A411DB5F9000}.Release|Any CPU.Build.0 = Release|Any CPU
		{52DED9B7-6E03-4B68-8528-77C94468E0ED}.Debug|Any CPU.ActiveCfg = Debug|Any CPU
		{52DED9B7-6E03-4B68-8528-77C94468E0ED}.Debug|Any CPU.Build.0 = Debug|Any CPU
		{52DED9B7-6E03-4B68-8528-77C94468E0ED}.Release|Any CPU.ActiveCfg = Release|Any CPU
		{52DED9B7-6E03-4B68-8528-77C94468E0ED}.Release|Any CPU.Build.0 = Release|Any CPU
	EndGlobalSection
	GlobalSection(SolutionProperties) = preSolution
		HideSolutionNode = FALSE
	EndGlobalSection
	GlobalSection(ExtensibilityGlobals) = postSolution
		SolutionGuid = {6CBFB7F0-E5FF-4B4E-905C-069472608761}
	EndGlobalSection
EndGlobal
